
Microsoft Visual Studio Solution File, Format Version 12.00
# Visual Studio Version 17
VisualStudioVersion = 17.5.33424.131
MinimumVisualStudioVersion = 10.0.40219.1
Project("{FAE04EC0-301F-11D3-BF4B-00C04F79EFBC}") = "TryCatch", "TryCatch\TryCatch.csproj", "{B0C509D7-B072-40DB-BE0E-4D8B37A722DE}"
EndProject
Global
	GlobalSection(SolutionConfigurationPlatforms) = preSolution
		Debug|Any CPU = Debug|Any CPU
		Release|Any CPU = Release|Any CPU
	EndGlobalSection
	GlobalSection(ProjectConfigurationPlatforms) = postSolution
		{B0C509D7-B072-40DB-BE0E-4D8B37A722DE}.Debug|Any CPU.ActiveCfg = Debug|Any CPU
		{B0C509D7-B072-40DB-BE0E-4D8B37A722DE}.Debug|Any CPU.Build.0 = Debug|Any CPU
		{B0C509D7-B072-40DB-BE0E-4D8B37A722DE}.Release|Any CPU.ActiveCfg = Release|Any CPU
		{B0C509D7-B072-40DB-BE0E-4D8B37A722DE}.Release|Any CPU.Build.0 = Release|Any CPU
	EndGlobalSection
	GlobalSection(SolutionProperties) = preSolution
		HideSolutionNode = FALSE
	EndGlobalSection
	GlobalSection(ExtensibilityGlobals) = postSolution
		SolutionGuid = {E41DD026-3B37-4C4C-846A-95A685F9DAA9}
	EndGlobalSection
EndGlobal
